Microsoft Visual Studio Solution File, Format Version 12.00
# Visual Studio 2012
Project("{FAE04EC0-301F-11D3-BF4B-00C04F79EFBC}") = "Gd-topdown-learn", "Gd-topdown-learn.csproj", "{CE6B240B-D0F3-4BCE-8D60-A54BFE8F5833}"
EndProject
Global
	GlobalSection(SolutionConfigurationPlatforms) = preSolution
	Debug|Any CPU = Debug|Any CPU
	ExportDebug|Any CPU = ExportDebug|Any CPU
	ExportRelease|Any CPU = ExportRelease|Any CPU
	EndGlobalSection
	GlobalSection(ProjectConfigurationPlatforms) = postSolution
		{CE6B240B-D0F3-4BCE-8D60-A54BFE8F5833}.Debug|Any CPU.ActiveCfg = Debug|Any CPU
		{CE6B240B-D0F3-4BCE-8D60-A54BFE8F5833}.Debug|Any CPU.Build.0 = Debug|Any CPU
		{CE6B240B-D0F3-4BCE-8D60-A54BFE8F5833}.ExportDebug|Any CPU.ActiveCfg = ExportDebug|Any CPU
		{CE6B240B-D0F3-4BCE-8D60-A54BFE8F5833}.ExportDebug|Any CPU.Build.0 = ExportDebug|Any CPU
		{CE6B240B-D0F3-4BCE-8D60-A54BFE8F5833}.ExportRelease|Any CPU.ActiveCfg = ExportRelease|Any CPU
		{CE6B240B-D0F3-4BCE-8D60-A54BFE8F5833}.ExportRelease|Any CPU.Build.0 = ExportRelease|Any CPU
	EndGlobalSection
EndGlobal
